
Microsoft Visual Studio Solution File, Format Version 12.00
# Visual Studio Version 17
VisualStudioVersion = 17.14.36408.4 d17.14
MinimumVisualStudioVersion = 10.0.40219.1
Project("{FAE04EC0-301F-11D3-BF4B-00C04F79EFBC}") = "Cliente", "PI_2025_II_IIIP_INVESTIGACION3\Cliente.csproj", "{A04872D8-FEF7-47F7-AAB4-C75AEAB9E351}"
	ProjectSection(ProjectDependencies) = postProject
		{E3BD31BB-7768-4C38-B0E1-FEE4353086E2} = {E3BD31BB-7768-4C38-B0E1-FEE4353086E2}
	EndProjectSection
EndProject
Project("{FAE04EC0-301F-11D3-BF4B-00C04F79EFBC}") = "Servidor", "Servidor\Servidor.csproj", "{E3BD31BB-7768-4C38-B0E1-FEE4353086E2}"
EndProject
Global
	GlobalSection(SolutionConfigurationPlatforms) = preSolution
		Debug|Any CPU = Debug|Any CPU
		Release|Any CPU = Release|Any CPU
	EndGlobalSection
	GlobalSection(ProjectConfigurationPlatforms) = postSolution
		{A04872D8-FEF7-47F7-AAB4-C75AEAB9E351}.Debug|Any CPU.ActiveCfg = Debug|Any CPU
		{A04872D8-FEF7-47F7-AAB4-C75AEAB9E351}.Debug|Any CPU.Build.0 = Debug|Any CPU
		{A04872D8-FEF7-47F7-AAB4-C75AEAB9E351}.Release|Any CPU.ActiveCfg = Release|Any CPU
		{A04872D8-FEF7-47F7-AAB4-C75AEAB9E351}.Release|Any CPU.Build.0 = Release|Any CPU
		{E3BD31BB-7768-4C38-B0E1-FEE4353086E2}.Debug|Any CPU.ActiveCfg = Debug|Any CPU
		{E3BD31BB-7768-4C38-B0E1-FEE4353086E2}.Debug|Any CPU.Build.0 = Debug|Any CPU
		{E3BD31BB-7768-4C38-B0E1-FEE4353086E2}.Release|Any CPU.ActiveCfg = Release|Any CPU
		{E3BD31BB-7768-4C38-B0E1-FEE4353086E2}.Release|Any CPU.Build.0 = Release|Any CPU
	EndGlobalSection
	GlobalSection(SolutionProperties) = preSolution
		HideSolutionNode = FALSE
	EndGlobalSection
	GlobalSection(ExtensibilityGlobals) = postSolution
		SolutionGuid = {F44F35CA-C50D-418F-A937-7E9B4A4CBBA6}
	EndGlobalSection
EndGlobal
